
Microsoft Visual Studio Solution File, Format Version 12.00
# Visual Studio Version 17
VisualStudioVersion = 17.14.36221.1
MinimumVisualStudioVersion = 10.0.40219.1
Project("{FAE04EC0-301F-11D3-BF4B-00C04F79EFBC}") = "Application", "Application\Application.csproj", "{BFAD6387-C09D-4692-A63B-1A3BBB28F1F8}"
EndProject
Project("{FAE04EC0-301F-11D3-BF4B-00C04F79EFBC}") = "Services", "Services\Services.csproj", "{E398075B-30A4-4629-B70D-7097DA89DB46}"
	ProjectSection(ProjectDependencies) = postProject
		{BFAD6387-C09D-4692-A63B-1A3BBB28F1F8} = {BFAD6387-C09D-4692-A63B-1A3BBB28F1F8}
	EndProjectSection
EndProject
Project("{FAE04EC0-301F-11D3-BF4B-00C04F79EFBC}") = "Workers", "Workers\Workers.csproj", "{93AF5AFD-53FE-413F-A66E-8535D344CD4F}"
EndProject
Project("{FAE04EC0-301F-11D3-BF4B-00C04F79EFBC}") = "WebApi", "WebApi\WebApi.csproj", "{66EFD8E2-032B-4C94-A7E4-1C46196BE24F}"
EndProject
Project("{2150E333-8FDC-42A3-9474-1A3956D46DE8}") = "Solution Items", "Solution Items", "{02EA681E-C7D8-13C7-8484-4AC65E1B71E8}"
	ProjectSection(SolutionItems) = preProject
		.gitignore = .gitignore
		docker-compose.yml = docker-compose.yml
	EndProjectSection
EndProject
Global
	GlobalSection(SolutionConfigurationPlatforms) = preSolution
		Debug|Any CPU = Debug|Any CPU
		Release|Any CPU = Release|Any CPU
	EndGlobalSection
	GlobalSection(ProjectConfigurationPlatforms) = postSolution
		{BFAD6387-C09D-4692-A63B-1A3BBB28F1F8}.Debug|Any CPU.ActiveCfg = Debug|Any CPU
		{BFAD6387-C09D-4692-A63B-1A3BBB28F1F8}.Debug|Any CPU.Build.0 = Debug|Any CPU
		{BFAD6387-C09D-4692-A63B-1A3BBB28F1F8}.Release|Any CPU.ActiveCfg = Release|Any CPU
		{BFAD6387-C09D-4692-A63B-1A3BBB28F1F8}.Release|Any CPU.Build.0 = Release|Any CPU
		{E398075B-30A4-4629-B70D-7097DA89DB46}.Debug|Any CPU.ActiveCfg = Debug|Any CPU
		{E398075B-30A4-4629-B70D-7097DA89DB46}.Debug|Any CPU.Build.0 = Debug|Any CPU
		{E398075B-30A4-4629-B70D-7097DA89DB46}.Release|Any CPU.ActiveCfg = Release|Any CPU
		{E398075B-30A4-4629-B70D-7097DA89DB46}.Release|Any CPU.Build.0 = Release|Any CPU
		{93AF5AFD-53FE-413F-A66E-8535D344CD4F}.Debug|Any CPU.ActiveCfg = Debug|Any CPU
		{93AF5AFD-53FE-413F-A66E-8535D344CD4F}.Debug|Any CPU.Build.0 = Debug|Any CPU
		{93AF5AFD-53FE-413F-A66E-8535D344CD4F}.Release|Any CPU.ActiveCfg = Release|Any CPU
		{93AF5AFD-53FE-413F-A66E-8535D344CD4F}.Release|Any CPU.Build.0 = Release|Any CPU
		{66EFD8E2-032B-4C94-A7E4-1C46196BE24F}.Debug|Any CPU.ActiveCfg = Debug|Any CPU
		{66EFD8E2-032B-4C94-A7E4-1C46196BE24F}.Debug|Any CPU.Build.0 = Debug|Any CPU
		{66EFD8E2-032B-4C94-A7E4-1C46196BE24F}.Release|Any CPU.ActiveCfg = Release|Any CPU
		{66EFD8E2-032B-4C94-A7E4-1C46196BE24F}.Release|Any CPU.Build.0 = Release|Any CPU
	EndGlobalSection
	GlobalSection(SolutionProperties) = preSolution
		HideSolutionNode = FALSE
	EndGlobalSection
	GlobalSection(ExtensibilityGlobals) = postSolution
		SolutionGuid = {378AB56F-3031-47CD-BEA3-2B7963926666}
	EndGlobalSection
EndGlobal
